{
  "lib/aave-address-book": {
    "branch": {
      "name": "main",
      "rev": "8d51d3edd585c23c04bafbc22fc9d195b596c3be"
    }
  },
  "lib/aave-helpers": {
    "branch": {
      "name": "main",
      "rev": "3762e0a99354edf7053f2d25f48fcb9b1bc0a7eb"
    }
  },
  "lib/forge-std": {
    "rev": "bf647bd6046f2f7da30d0c2bf435e5c76a780c1b"
  }
}
