{
  "lib/aave-address-book": {
    "branch": {
      "name": "main",
      "rev": "6a0ac5a5e548d764488a2f95f26714ff9275de48"
    }
  },
  "lib/aave-helpers": {
    "branch": {
      "name": "main",
      "rev": "d8cd786068323dfde3adf1246b03b76e4d7ecd2c"
    }
  },
  "lib/forge-std": {
    "rev": "0c71116a218268ee8c0157be8efcb13af0f7beaf"
  }
}