{
  "lib/aave-address-book": {
    "branch": {
      "name": "main",
      "rev": "8d51d3edd585c23c04bafbc22fc9d195b596c3be"
    }
  },
  "lib/aave-helpers": {
    "branch": {
      "name": "main",
      "rev": "3762e0a99354edf7053f2d25f48fcb9b1bc0a7eb"
    }
  },
  "lib/forge-std": {
    "rev": "0c71116a218268ee8c0157be8efcb13af0f7beaf"
  }
}